
Microsoft Visual Studio Solution File, Format Version 12.00
# Visual Studio Version 17
VisualStudioVersion = 17.6.33723.286
MinimumVisualStudioVersion = 10.0.40219.1
Project("{FAE04EC0-301F-11D3-BF4B-00C04F79EFBC}") = "Csharp_learning", "Csharp_learning\Csharp_learning.csproj", "{E115CD66-0738-4141-A68A-7158CDAB3E7A}"
EndProject
Project("{9A19103F-16F7-4668-BE54-9A1E7A4F7556}") = "Chapter 3", "Chapter 3\Chapter 3.csproj", "{BD495DA5-D687-4674-B78D-090087B8D279}"
EndProject
Project("{9A19103F-16F7-4668-BE54-9A1E7A4F7556}") = "Chapter 4", "Chapter 4\Chapter 4.csproj", "{88B5AE0A-30A2-484B-AAC0-905075A88954}"
EndProject
Project("{9A19103F-16F7-4668-BE54-9A1E7A4F7556}") = "YY", "YY\YY.csproj", "{01CAF9EC-227C-42C2-B25C-95D54A6B8EFD}"
EndProject
Project("{9A19103F-16F7-4668-BE54-9A1E7A4F7556}") = "Chapter 6", "Chapter 6\Chapter 6.csproj", "{5C276F06-8F13-4556-A4F7-28D211097A86}"
EndProject
Project("{9A19103F-16F7-4668-BE54-9A1E7A4F7556}") = "Chapter 5", "Chapter 5\Chapter 5.csproj", "{C9CA8CE0-F1B3-4829-8796-896C4B1B5C26}"
EndProject
Global
	GlobalSection(SolutionConfigurationPlatforms) = preSolution
		Debug|Any CPU = Debug|Any CPU
		Release|Any CPU = Release|Any CPU
	EndGlobalSection
	GlobalSection(ProjectConfigurationPlatforms) = postSolution
		{E115CD66-0738-4141-A68A-7158CDAB3E7A}.Debug|Any CPU.ActiveCfg = Debug|Any CPU
		{E115CD66-0738-4141-A68A-7158CDAB3E7A}.Debug|Any CPU.Build.0 = Debug|Any CPU
		{E115CD66-0738-4141-A68A-7158CDAB3E7A}.Release|Any CPU.ActiveCfg = Release|Any CPU
		{E115CD66-0738-4141-A68A-7158CDAB3E7A}.Release|Any CPU.Build.0 = Release|Any CPU
		{BD495DA5-D687-4674-B78D-090087B8D279}.Debug|Any CPU.ActiveCfg = Debug|Any CPU
		{BD495DA5-D687-4674-B78D-090087B8D279}.Debug|Any CPU.Build.0 = Debug|Any CPU
		{BD495DA5-D687-4674-B78D-090087B8D279}.Release|Any CPU.ActiveCfg = Release|Any CPU
		{BD495DA5-D687-4674-B78D-090087B8D279}.Release|Any CPU.Build.0 = Release|Any CPU
		{88B5AE0A-30A2-484B-AAC0-905075A88954}.Debug|Any CPU.ActiveCfg = Debug|Any CPU
		{88B5AE0A-30A2-484B-AAC0-905075A88954}.Debug|Any CPU.Build.0 = Debug|Any CPU
		{88B5AE0A-30A2-484B-AAC0-905075A88954}.Release|Any CPU.ActiveCfg = Release|Any CPU
		{88B5AE0A-30A2-484B-AAC0-905075A88954}.Release|Any CPU.Build.0 = Release|Any CPU
		{01CAF9EC-227C-42C2-B25C-95D54A6B8EFD}.Debug|Any CPU.ActiveCfg = Debug|Any CPU
		{01CAF9EC-227C-42C2-B25C-95D54A6B8EFD}.Debug|Any CPU.Build.0 = Debug|Any CPU
		{01CAF9EC-227C-42C2-B25C-95D54A6B8EFD}.Release|Any CPU.ActiveCfg = Release|Any CPU
		{01CAF9EC-227C-42C2-B25C-95D54A6B8EFD}.Release|Any CPU.Build.0 = Release|Any CPU
		{5C276F06-8F13-4556-A4F7-28D211097A86}.Debug|Any CPU.ActiveCfg = Debug|Any CPU
		{5C276F06-8F13-4556-A4F7-28D211097A86}.Debug|Any CPU.Build.0 = Debug|Any CPU
		{5C276F06-8F13-4556-A4F7-28D211097A86}.Release|Any CPU.ActiveCfg = Release|Any CPU
		{5C276F06-8F13-4556-A4F7-28D211097A86}.Release|Any CPU.Build.0 = Release|Any CPU
		{C9CA8CE0-F1B3-4829-8796-896C4B1B5C26}.Debug|Any CPU.ActiveCfg = Debug|Any CPU
		{C9CA8CE0-F1B3-4829-8796-896C4B1B5C26}.Debug|Any CPU.Build.0 = Debug|Any CPU
		{C9CA8CE0-F1B3-4829-8796-896C4B1B5C26}.Release|Any CPU.ActiveCfg = Release|Any CPU
		{C9CA8CE0-F1B3-4829-8796-896C4B1B5C26}.Release|Any CPU.Build.0 = Release|Any CPU
	EndGlobalSection
	GlobalSection(SolutionProperties) = preSolution
		HideSolutionNode = FALSE
	EndGlobalSection
	GlobalSection(ExtensibilityGlobals) = postSolution
		SolutionGuid = {76C69A9C-7F77-4C63-9657-9902E3DCA8C3}
	EndGlobalSection
EndGlobal
